{
  "name": "faktory-worker",
  "version": "0.8.1",
  "lockfileVersion": 1,
  "requires": true,
  "dependencies": {
    "faktory-client": {
      "version": "0.6.0",
      "resolved": "https://registry.npmjs.org/faktory-client/-/faktory-client-0.6.0.tgz",
      "integrity": "sha512-vK2pcdrofEDVAm6RXLjActbeQrXMXdTfdLZySOqui15PLAbQej44aUVz8tRRd3Fy/smONhOSPAtcd+d43373og==",
      "requires": {
        "debug": "3.1.0",
        "redis-parser": "3.0.0",
        "uuid": "3.2.1"
      },
      "dependencies": {
        "debug": {
          "version": "3.1.0",
          "resolved": "https://registry.npmjs.org/debug/-/debug-3.1.0.tgz",
          "integrity": "sha512-OX8XqP7/1a9cqkxYw2yXss15f26NKWBpDXQd0/uK/KPqdQhxbPa994hnzjcE2VqQpDslf55723cKPUOGSmMY3g==",
          "requires": {
            "ms": "2.0.0"
          }
        },
        "uuid": {
          "version": "3.2.1",
          "resolved": "https://registry.npmjs.org/uuid/-/uuid-3.2.1.tgz",
          "integrity": "sha512-jZnMwlb9Iku/O3smGWvZhauCf6cvvpKi4BKRiliS3cxnI+Gz9j5MEpTz2UFuXiKPJocb7gnsLHwiS05ige5BEA=="
        }
      }
    },
    "ms": {
      "version": "2.0.0",
      "resolved": "https://registry.npmjs.org/ms/-/ms-2.0.0.tgz",
      "integrity": "sha1-VgiurfwAvmwpAd9fmGF4jeDVl8g="
    },
    "redis-errors": {
      "version": "1.2.0",
      "resolved": "https://registry.npmjs.org/redis-errors/-/redis-errors-1.2.0.tgz",
      "integrity": "sha1-62LSrbFeTq9GEMBK/hUpOEJQq60="
    },
    "redis-parser": {
      "version": "3.0.0",
      "resolved": "https://registry.npmjs.org/redis-parser/-/redis-parser-3.0.0.tgz",
      "integrity": "sha1-tm2CjNyv5rS4pCin3vTGvKwxyLQ=",
      "requires": {
        "redis-errors": "1.2.0"
      }
    }
  }
}
